// !$*UTF8*$!
{
	archiveVersion = 1;
	classes = {
	};
	objectVersion = 55;
	objects = {

/* Begin PBXBuildFile section */
		23097EC7276F330D00AC8761 /* AppDelegate.swift in Sources */ = {isa = PBXBuildFile; fileRef = 23097EC6276F330D00AC8761 /* AppDelegate.swift */; };
		23097EC9276F330D00AC8761 /* SceneDelegate.swift in Sources */ = {isa = PBXBuildFile; fileRef = 23097EC8276F330D00AC8761 /* SceneDelegate.swift */; };
		23097ECB276F330D00AC8761 /* ViewController.swift in Sources */ = {isa = PBXBuildFile; fileRef = 23097ECA276F330D00AC8761 /* ViewController.swift */; };
		23097ECE276F330D00AC8761 /* Main.storyboard in Resources */ = {isa = PBXBuildFile; fileRef = 23097ECC276F330D00AC8761 /* Main.storyboard */; };
		23097ED0276F330F00AC8761 /* Assets.xcassets in Resources */ = {isa = PBXBuildFile; fileRef = 23097ECF276F330F00AC8761 /* Assets.xcassets */; };
		23097ED3276F330F00AC8761 /* LaunchScreen.storyboard in Resources */ = {isa = PBXBuildFile; fileRef = 23097ED1276F330F00AC8761 /* LaunchScreen.storyboard */; };
		231A9CB627940486004065DF /* MyAppUserDefults.swift in Sources */ = {isa = PBXBuildFile; fileRef = 231A9CB527940486004065DF /* MyAppUserDefults.swift */; };
		231A9CB827940AFD004065DF /* MyClass.swift in Sources */ = {isa = PBXBuildFile; fileRef = 231A9CB727940AFD004065DF /* MyClass.swift */; };
		231A9CE1279426E3004065DF /* KeychainManager.swift in Sources */ = {isa = PBXBuildFile; fileRef = 231A9CE0279426E3004065DF /* KeychainManager.swift */; };
		238A3317278970CE0070B74E /* StaticTableViewController.swift in Sources */ = {isa = PBXBuildFile; fileRef = 238A3316278970CE0070B74E /* StaticTableViewController.swift */; };
		238A331A278972640070B74E /* Person.swift in Sources */ = {isa = PBXBuildFile; fileRef = 238A3319278972640070B74E /* Person.swift */; };
		238A331C278979550070B74E /* Constant.swift in Sources */ = {isa = PBXBuildFile; fileRef = 238A331B278979550070B74E /* Constant.swift */; };
		238A3322278986690070B74E /* MyCustomTableViewCell.swift in Sources */ = {isa = PBXBuildFile; fileRef = 238A3320278986690070B74E /* MyCustomTableViewCell.swift */; };
		238A3323278986690070B74E /* MyCustomTableViewCell.xib in Resources */ = {isa = PBXBuildFile; fileRef = 238A3321278986690070B74E /* MyCustomTableViewCell.xib */; };
		238A3325278988260070B74E /* UITableViewExtensions.swift in Sources */ = {isa = PBXBuildFile; fileRef = 238A3324278988260070B74E /* UITableViewExtensions.swift */; };
		238A33272789AE2D0070B74E /* DynamicCollectionViewController.swift in Sources */ = {isa = PBXBuildFile; fileRef = 238A33262789AE2D0070B74E /* DynamicCollectionViewController.swift */; };
		238A33292789AF900070B74E /* MyCustomCollectionViewCell.swift in Sources */ = {isa = PBXBuildFile; fileRef = 238A33282789AF900070B74E /* MyCustomCollectionViewCell.swift */; };
		238A332B278AC2F60070B74E /* CompostitionalCollectionViewController.swift in Sources */ = {isa = PBXBuildFile; fileRef = 238A332A278AC2F60070B74E /* CompostitionalCollectionViewController.swift */; };
		238A332D278AD40D0070B74E /* TabbBarViewController.swift in Sources */ = {isa = PBXBuildFile; fileRef = 238A332C278AD40D0070B74E /* TabbBarViewController.swift */; };
		238A332F278AE3100070B74E /* WebViewContainerViewController.swift in Sources */ = {isa = PBXBuildFile; fileRef = 238A332E278AE3100070B74E /* WebViewContainerViewController.swift */; };
		238A3331278AF6A80070B74E /* MapViewController.swift in Sources */ = {isa = PBXBuildFile; fileRef = 238A3330278AF6A80070B74E /* MapViewController.swift */; };
		238FE2612792BA09000D742C /* PageViewController.swift in Sources */ = {isa = PBXBuildFile; fileRef = 238FE2602792BA08000D742C /* PageViewController.swift */; };
		2391F724277732FC00269D7F /* SecondViewController.swift in Sources */ = {isa = PBXBuildFile; fileRef = 2391F723277732FC00269D7F /* SecondViewController.swift */; };
		2391F74C27788A4500269D7F /* DynamicTableViewController.swift in Sources */ = {isa = PBXBuildFile; fileRef = 2391F74B27788A4400269D7F /* DynamicTableViewController.swift */; };
		2391F75127788C8300269D7F /* UIColorExtensions.swift in Sources */ = {isa = PBXBuildFile; fileRef = 2391F75027788C8300269D7F /* UIColorExtensions.swift */; };
/* End PBXBuildFile section */

/* Begin PBXFileReference section */
		23097EC3276F330D00AC8761 /* UIComponents.app */ = {isa = PBXFileReference; explicitFileType = wrapper.application; includeInIndex = 0; path = UIComponents.app; sourceTree = BUILT_PRODUCTS_DIR; };
		23097EC6276F330D00AC8761 /* AppDelegate.swift */ = {isa = PBXFileReference; lastKnownFileType = sourcecode.swift; path = AppDelegate.swift; sourceTree = "<group>"; };
		23097EC8276F330D00AC8761 /* SceneDelegate.swift */ = {isa = PBXFileReference; lastKnownFileType = sourcecode.swift; path = SceneDelegate.swift; sourceTree = "<group>"; };
		23097ECA276F330D00AC8761 /* ViewController.swift */ = {isa = PBXFileReference; lastKnownFileType = sourcecode.swift; path = ViewController.swift; sourceTree = "<group>"; };
		23097ECD276F330D00AC8761 /* Base */ = {isa = PBXFileReference; lastKnownFileType = file.storyboard; name = Base; path = Base.lproj/Main.storyboard; sourceTree = "<group>"; };
		23097ECF276F330F00AC8761 /* Assets.xcassets */ = {isa = PBXFileReference; lastKnownFileType = folder.assetcatalog; path = Assets.xcassets; sourceTree = "<group>"; };
		23097ED2276F330F00AC8761 /* Base */ = {isa = PBXFileReference; lastKnownFileType = file.storyboard; name = Base; path = Base.lproj/LaunchScreen.storyboard; sourceTree = "<group>"; };
		23097ED4276F330F00AC8761 /* Info.plist */ = {isa = PBXFileReference; lastKnownFileType = text.plist.xml; path = Info.plist; sourceTree = "<group>"; };
		231A9CB527940486004065DF /* MyAppUserDefults.swift */ = {isa = PBXFileReference; lastKnownFileType = sourcecode.swift; path = MyAppUserDefults.swift; sourceTree = "<group>"; };
		231A9CB727940AFD004065DF /* MyClass.swift */ = {isa = PBXFileReference; lastKnownFileType = sourcecode.swift; path = MyClass.swift; sourceTree = "<group>"; };
		231A9CE0279426E3004065DF /* KeychainManager.swift */ = {isa = PBXFileReference; lastKnownFileType = sourcecode.swift; path = KeychainManager.swift; sourceTree = "<group>"; };
		231A9CE227942F67004065DF /* UIComponents.entitlements */ = {isa = PBXFileReference; lastKnownFileType = text.plist.entitlements; path = UIComponents.entitlements; sourceTree = "<group>"; };
		238A3316278970CE0070B74E /* StaticTableViewController.swift */ = {isa = PBXFileReference; lastKnownFileType = sourcecode.swift; path = StaticTableViewController.swift; sourceTree = "<group>"; };
		238A3319278972640070B74E /* Person.swift */ = {isa = PBXFileReference; lastKnownFileType = sourcecode.swift; path = Person.swift; sourceTree = "<group>"; };
		238A331B278979550070B74E /* Constant.swift */ = {isa = PBXFileReference; lastKnownFileType = sourcecode.swift; path = Constant.swift; sourceTree = "<group>"; };
		238A3320278986690070B74E /* MyCustomTableViewCell.swift */ = {isa = PBXFileReference; lastKnownFileType = sourcecode.swift; path = MyCustomTableViewCell.swift; sourceTree = "<group>"; };
		238A3321278986690070B74E /* MyCustomTableViewCell.xib */ = {isa = PBXFileReference; lastKnownFileType = file.xib; path = MyCustomTableViewCell.xib; sourceTree = "<group>"; };
		238A3324278988260070B74E /* UITableViewExtensions.swift */ = {isa = PBXFileReference; lastKnownFileType = sourcecode.swift; path = UITableViewExtensions.swift; sourceTree = "<group>"; };
		238A33262789AE2D0070B74E /* DynamicCollectionViewController.swift */ = {isa = PBXFileReference; lastKnownFileType = sourcecode.swift; path = DynamicCollectionViewController.swift; sourceTree = "<group>"; };
		238A33282789AF900070B74E /* MyCustomCollectionViewCell.swift */ = {isa = PBXFileReference; lastKnownFileType = sourcecode.swift; path = MyCustomCollectionViewCell.swift; sourceTree = "<group>"; };
		238A332A278AC2F60070B74E /* CompostitionalCollectionViewController.swift */ = {isa = PBXFileReference; lastKnownFileType = sourcecode.swift; path = CompostitionalCollectionViewController.swift; sourceTree = "<group>"; };
		238A332C278AD40D0070B74E /* TabbBarViewController.swift */ = {isa = PBXFileReference; lastKnownFileType = sourcecode.swift; path = TabbBarViewController.swift; sourceTree = "<group>"; };
		238A332E278AE3100070B74E /* WebViewContainerViewController.swift */ = {isa = PBXFileReference; lastKnownFileType = sourcecode.swift; path = WebViewContainerViewController.swift; sourceTree = "<group>"; };
		238A3330278AF6A80070B74E /* MapViewController.swift */ = {isa = PBXFileReference; lastKnownFileType = sourcecode.swift; path = MapViewController.swift; sourceTree = "<group>"; };
		238FE2602792BA08000D742C /* PageViewController.swift */ = {isa = PBXFileReference; lastKnownFileType = sourcecode.swift; path = PageViewController.swift; sourceTree = "<group>"; };
		238FE2632792DA0D000D742C /* Security.framework */ = {isa = PBXFileReference; lastKnownFileType = wrapper.framework; name = Security.framework; path = System/Library/Frameworks/Security.framework; sourceTree = SDKROOT; };
		2391F723277732FC00269D7F /* SecondViewController.swift */ = {isa = PBXFileReference; lastKnownFileType = sourcecode.swift; path = SecondViewController.swift; sourceTree = "<group>"; };
		2391F74B27788A4400269D7F /* DynamicTableViewController.swift */ = {isa = PBXFileReference; lastKnownFileType = sourcecode.swift; path = DynamicTableViewController.swift; sourceTree = "<group>"; };
		2391F75027788C8300269D7F /* UIColorExtensions.swift */ = {isa = PBXFileReference; lastKnownFileType = sourcecode.swift; path = UIColorExtensions.swift; sourceTree = "<group>"; };
/* End PBXFileReference section */

/* Begin PBXFrameworksBuildPhase section */
		23097EC0276F330D00AC8761 /* Frameworks */ = {
			isa = PBXFrameworksBuildPhase;
			buildActionMask = 2147483647;
			files = (
			);
			runOnlyForDeploymentPostprocessing = 0;
		};
/* End PBXFrameworksBuildPhase section */

/* Begin PBXGroup section */
		23097EBA276F330D00AC8761 = {
			isa = PBXGroup;
			children = (
				23097EC5276F330D00AC8761 /* UIComponents */,
				23097EC4276F330D00AC8761 /* Products */,
				238FE2622792DA0C000D742C /* Frameworks */,
			);
			sourceTree = "<group>";
		};
		23097EC4276F330D00AC8761 /* Products */ = {
			isa = PBXGroup;
			children = (
				23097EC3276F330D00AC8761 /* UIComponents.app */,
			);
			name = Products;
			sourceTree = "<group>";
		};
		23097EC5276F330D00AC8761 /* UIComponents */ = {
			isa = PBXGroup;
			children = (
				231A9CE227942F67004065DF /* UIComponents.entitlements */,
				2391F74F27788C3900269D7F /* Utils */,
				2391F74D27788C1700269D7F /* Screens */,
				238A331D2789813E0070B74E /* Cells */,
				238A33182789724D0070B74E /* Models */,
				23097EC6276F330D00AC8761 /* AppDelegate.swift */,
				23097EC8276F330D00AC8761 /* SceneDelegate.swift */,
				23097ECC276F330D00AC8761 /* Main.storyboard */,
				23097ECF276F330F00AC8761 /* Assets.xcassets */,
				23097ED1276F330F00AC8761 /* LaunchScreen.storyboard */,
				23097ED4276F330F00AC8761 /* Info.plist */,
			);
			path = UIComponents;
			sourceTree = "<group>";
		};
		238A33182789724D0070B74E /* Models */ = {
			isa = PBXGroup;
			children = (
				238A3319278972640070B74E /* Person.swift */,
			);
			path = Models;
			sourceTree = "<group>";
		};
		238A331D2789813E0070B74E /* Cells */ = {
			isa = PBXGroup;
			children = (
				238A3320278986690070B74E /* MyCustomTableViewCell.swift */,
				238A3321278986690070B74E /* MyCustomTableViewCell.xib */,
				238A33282789AF900070B74E /* MyCustomCollectionViewCell.swift */,
			);
			path = Cells;
			sourceTree = "<group>";
		};
		238FE2622792DA0C000D742C /* Frameworks */ = {
			isa = PBXGroup;
			children = (
				238FE2632792DA0D000D742C /* Security.framework */,
			);
			name = Frameworks;
			sourceTree = "<group>";
		};
		2391F74D27788C1700269D7F /* Screens */ = {
			isa = PBXGroup;
			children = (
				23097ECA276F330D00AC8761 /* ViewController.swift */,
				2391F723277732FC00269D7F /* SecondViewController.swift */,
				2391F74B27788A4400269D7F /* DynamicTableViewController.swift */,
				238A3316278970CE0070B74E /* StaticTableViewController.swift */,
				238A33262789AE2D0070B74E /* DynamicCollectionViewController.swift */,
				238A332A278AC2F60070B74E /* CompostitionalCollectionViewController.swift */,
				238A332C278AD40D0070B74E /* TabbBarViewController.swift */,
				238A332E278AE3100070B74E /* WebViewContainerViewController.swift */,
				238A3330278AF6A80070B74E /* MapViewController.swift */,
				238FE2602792BA08000D742C /* PageViewController.swift */,
			);
			path = Screens;
			sourceTree = "<group>";
		};
		2391F74E27788C2900269D7F /* Extensions */ = {
			isa = PBXGroup;
			children = (
				2391F75027788C8300269D7F /* UIColorExtensions.swift */,
				238A3324278988260070B74E /* UITableViewExtensions.swift */,
			);
			path = Extensions;
			sourceTree = "<group>";
		};
		2391F74F27788C3900269D7F /* Utils */ = {
			isa = PBXGroup;
			children = (
				2391F74E27788C2900269D7F /* Extensions */,
				238A331B278979550070B74E /* Constant.swift */,
				231A9CB527940486004065DF /* MyAppUserDefults.swift */,
				231A9CB727940AFD004065DF /* MyClass.swift */,
				231A9CE0279426E3004065DF /* KeychainManager.swift */,
			);
			path = Utils;
			sourceTree = "<group>";
		};
/* End PBXGroup section */

/* Begin PBXNativeTarget section */
		23097EC2276F330D00AC8761 /* UIComponents */ = {
			isa = PBXNativeTarget;
			buildConfigurationList = 23097ED7276F330F00AC8761 /* Build configuration list for PBXNativeTarget "UIComponents" */;
			buildPhases = (
				23097EBF276F330D00AC8761 /* Sources */,
				23097EC0276F330D00AC8761 /* Frameworks */,
				23097EC1276F330D00AC8761 /* Resources */,
			);
			buildRules = (
			);
			dependencies = (
			);
			name = UIComponents;
			packageProductDependencies = (
			);
			productName = UIComponents;
			productReference = 23097EC3276F330D00AC8761 /* UIComponents.app */;
			productType = "com.apple.product-type.application";
		};
/* End PBXNativeTarget section */

/* Begin PBXProject section */
		23097EBB276F330D00AC8761 /* Project object */ = {
			isa = PBXProject;
			attributes = {
				BuildIndependentTargetsInParallel = 1;
				LastSwiftUpdateCheck = 1300;
				LastUpgradeCheck = 1300;
				TargetAttributes = {
					23097EC2276F330D00AC8761 = {
						CreatedOnToolsVersion = 13.0;
					};
				};
			};
			buildConfigurationList = 23097EBE276F330D00AC8761 /* Build configuration list for PBXProject "UIComponents" */;
			compatibilityVersion = "Xcode 13.0";
			developmentRegion = en;
			hasScannedForEncodings = 0;
			knownRegions = (
				en,
				Base,
			);
			mainGroup = 23097EBA276F330D00AC8761;
			packageReferences = (
			);
			productRefGroup = 23097EC4276F330D00AC8761 /* Products */;
			projectDirPath = "";
			projectRoot = "";
			targets = (
				23097EC2276F330D00AC8761 /* UIComponents */,
			);
		};
/* End PBXProject section */

/* Begin PBXResourcesBuildPhase section */
		23097EC1276F330D00AC8761 /* Resources */ = {
			isa = PBXResourcesBuildPhase;
			buildActionMask = 2147483647;
			files = (
				23097ED3276F330F00AC8761 /* LaunchScreen.storyboard in Resources */,
				23097ED0276F330F00AC8761 /* Assets.xcassets in Resources */,
				238A3323278986690070B74E /* MyCustomTableViewCell.xib in Resources */,
				23097ECE276F330D00AC8761 /* Main.storyboard in Resources */,
			);
			runOnlyForDeploymentPostprocessing = 0;
		};
/* End PBXResourcesBuildPhase section */

/* Begin PBXSourcesBuildPhase section */
		23097EBF276F330D00AC8761 /* Sources */ = {
			isa = PBXSourcesBuildPhase;
			buildActionMask = 2147483647;
			files = (
				238A3317278970CE0070B74E /* StaticTableViewController.swift in Sources */,
				2391F724277732FC00269D7F /* SecondViewController.swift in Sources */,
				238A3325278988260070B74E /* UITableViewExtensions.swift in Sources */,
				238A331C278979550070B74E /* Constant.swift in Sources */,
				23097ECB276F330D00AC8761 /* ViewController.swift in Sources */,
				23097EC7276F330D00AC8761 /* AppDelegate.swift in Sources */,
				238A332D278AD40D0070B74E /* TabbBarViewController.swift in Sources */,
				231A9CB627940486004065DF /* MyAppUserDefults.swift in Sources */,
				2391F75127788C8300269D7F /* UIColorExtensions.swift in Sources */,
				238A332B278AC2F60070B74E /* CompostitionalCollectionViewController.swift in Sources */,
				2391F74C27788A4500269D7F /* DynamicTableViewController.swift in Sources */,
				238A332F278AE3100070B74E /* WebViewContainerViewController.swift in Sources */,
				231A9CB827940AFD004065DF /* MyClass.swift in Sources */,
				238A33272789AE2D0070B74E /* DynamicCollectionViewController.swift in Sources */,
				238A331A278972640070B74E /* Person.swift in Sources */,
				238A33292789AF900070B74E /* MyCustomCollectionViewCell.swift in Sources */,
				231A9CE1279426E3004065DF /* KeychainManager.swift in Sources */,
				23097EC9276F330D00AC8761 /* SceneDelegate.swift in Sources */,
				238FE2612792BA09000D742C /* PageViewController.swift in Sources */,
				238A3322278986690070B74E /* MyCustomTableViewCell.swift in Sources */,
				238A3331278AF6A80070B74E /* MapViewController.swift in Sources */,
			);
			runOnlyForDeploymentPostprocessing = 0;
		};
/* End PBXSourcesBuildPhase section */

/* Begin PBXVariantGroup section */
		23097ECC276F330D00AC8761 /* Main.storyboard */ = {
			isa = PBXVariantGroup;
			children = (
				23097ECD276F330D00AC8761 /* Base */,
			);
			name = Main.storyboard;
			sourceTree = "<group>";
		};
		23097ED1276F330F00AC8761 /* LaunchScreen.storyboard */ = {
			isa = PBXVariantGroup;
			children = (
				23097ED2276F330F00AC8761 /* Base */,
			);
			name = LaunchScreen.storyboard;
			sourceTree = "<group>";
		};
/* End PBXVariantGroup section */

/* Begin XCBuildConfiguration section */
		23097ED5276F330F00AC8761 /* Debug */ = {
			isa = XCBuildConfiguration;
			buildSettings = {
				ALWAYS_SEARCH_USER_PATHS = NO;
				CLANG_ANALYZER_NONNULL = YES;
				CLANG_ANALYZER_NUMBER_OBJECT_CONVERSION = YES_AGGRESSIVE;
				CLANG_CXX_LANGUAGE_STANDARD = "gnu++17";
				CLANG_CXX_LIBRARY = "libc++";
				CLANG_ENABLE_MODULES = YES;
				CLANG_ENABLE_OBJC_ARC = YES;
				CLANG_ENABLE_OBJC_WEAK = YES;
				CLANG_WARN_BLOCK_CAPTURE_AUTORELEASING = YES;
				CLANG_WARN_BOOL_CONVERSION = YES;
				CLANG_WARN_COMMA = YES;
				CLANG_WARN_CONSTANT_CONVERSION = YES;
				CLANG_WARN_DEPRECATED_OBJC_IMPLEMENTATIONS = YES;
				CLANG_WARN_DIRECT_OBJC_ISA_USAGE = YES_ERROR;
				CLANG_WARN_DOCUMENTATION_COMMENTS = YES;
				CLANG_WARN_EMPTY_BODY = YES;
				CLANG_WARN_ENUM_CONVERSION = YES;
				CLANG_WARN_INFINITE_RECURSION = YES;
				CLANG_WARN_INT_CONVERSION = YES;
				CLANG_WARN_NON_LITERAL_NULL_CONVERSION = YES;
				CLANG_WARN_OBJC_IMPLICIT_RETAIN_SELF = YES;
				CLANG_WARN_OBJC_LITERAL_CONVERSION = YES;
				CLANG_WARN_OBJC_ROOT_CLASS = YES_ERROR;
				CLANG_WARN_QUOTED_INCLUDE_IN_FRAMEWORK_HEADER = YES;
				CLANG_WARN_RANGE_LOOP_ANALYSIS = YES;
				CLANG_WARN_STRICT_PROTOTYPES = YES;
				CLANG_WARN_SUSPICIOUS_MOVE = YES;
				CLANG_WARN_UNGUARDED_AVAILABILITY = YES_AGGRESSIVE;
				CLANG_WARN_UNREACHABLE_CODE = YES;
				CLANG_WARN__DUPLICATE_METHOD_MATCH = YES;
				COPY_PHASE_STRIP = NO;
				DEBUG_INFORMATION_FORMAT = dwarf;
				ENABLE_STRICT_OBJC_MSGSEND = YES;
				ENABLE_TESTABILITY = YES;
				GCC_C_LANGUAGE_STANDARD = gnu11;
				GCC_DYNAMIC_NO_PIC = NO;
				GCC_NO_COMMON_BLOCKS = YES;
				GCC_OPTIMIZATION_LEVEL = 0;
				GCC_PREPROCESSOR_DEFINITIONS = (
					"DEBUG=1",
					"$(inherited)",
				);
				GCC_WARN_64_TO_32_BIT_CONVERSION = YES;
				GCC_WARN_ABOUT_RETURN_TYPE = YES_ERROR;
				GCC_WARN_UNDECLARED_SELECTOR = YES;
				GCC_WARN_UNINITIALIZED_AUTOS = YES_AGGRESSIVE;
				GCC_WARN_UNUSED_FUNCTION = YES;
				GCC_WARN_UNUSED_VARIABLE = YES;
				IPHONEOS_DEPLOYMENT_TARGET = 15.0;
				MTL_ENABLE_DEBUG_INFO = INCLUDE_SOURCE;
				MTL_FAST_MATH = YES;
				ONLY_ACTIVE_ARCH = YES;
				SDKROOT = iphoneos;
				SWIFT_ACTIVE_COMPILATION_CONDITIONS = DEBUG;
				SWIFT_OPTIMIZATION_LEVEL = "-Onone";
			};
			name = Debug;
		};
		23097ED6276F330F00AC8761 /* Release */ = {
			isa = XCBuildConfiguration;
			buildSettings = {
				ALWAYS_SEARCH_USER_PATHS = NO;
				CLANG_ANALYZER_NONNULL = YES;
				CLANG_ANALYZER_NUMBER_OBJECT_CONVERSION = YES_AGGRESSIVE;
				CLANG_CXX_LANGUAGE_STANDARD = "gnu++17";
				CLANG_CXX_LIBRARY = "libc++";
				CLANG_ENABLE_MODULES = YES;
				CLANG_ENABLE_OBJC_ARC = YES;
				CLANG_ENABLE_OBJC_WEAK = YES;
				CLANG_WARN_BLOCK_CAPTURE_AUTORELEASING = YES;
				CLANG_WARN_BOOL_CONVERSION = YES;
				CLANG_WARN_COMMA = YES;
				CLANG_WARN_CONSTANT_CONVERSION = YES;
				CLANG_WARN_DEPRECATED_OBJC_IMPLEMENTATIONS = YES;
				CLANG_WARN_DIRECT_OBJC_ISA_USAGE = YES_ERROR;
				CLANG_WARN_DOCUMENTATION_COMMENTS = YES;
				CLANG_WARN_EMPTY_BODY = YES;
				CLANG_WARN_ENUM_CONVERSION = YES;
				CLANG_WARN_INFINITE_RECURSION = YES;
				CLANG_WARN_INT_CONVERSION = YES;
				CLANG_WARN_NON_LITERAL_NULL_CONVERSION = YES;
				CLANG_WARN_OBJC_IMPLICIT_RETAIN_SELF = YES;
				CLANG_WARN_OBJC_LITERAL_CONVERSION = YES;
				CLANG_WARN_OBJC_ROOT_CLASS = YES_ERROR;
				CLANG_WARN_QUOTED_INCLUDE_IN_FRAMEWORK_HEADER = YES;
				CLANG_WARN_RANGE_LOOP_ANALYSIS = YES;
				CLANG_WARN_STRICT_PROTOTYPES = YES;
				CLANG_WARN_SUSPICIOUS_MOVE = YES;
				CLANG_WARN_UNGUARDED_AVAILABILITY = YES_AGGRESSIVE;
				CLANG_WARN_UNREACHABLE_CODE = YES;
				CLANG_WARN__DUPLICATE_METHOD_MATCH = YES;
				COPY_PHASE_STRIP = NO;
				DEBUG_INFORMATION_FORMAT = "dwarf-with-dsym";
				ENABLE_NS_ASSERTIONS = NO;
				ENABLE_STRICT_OBJC_MSGSEND = YES;
				GCC_C_LANGUAGE_STANDARD = gnu11;
				GCC_NO_COMMON_BLOCKS = YES;
				GCC_WARN_64_TO_32_BIT_CONVERSION = YES;
				GCC_WARN_ABOUT_RETURN_TYPE = YES_ERROR;
				GCC_WARN_UNDECLARED_SELECTOR = YES;
				GCC_WARN_UNINITIALIZED_AUTOS = YES_AGGRESSIVE;
				GCC_WARN_UNUSED_FUNCTION = YES;
				GCC_WARN_UNUSED_VARIABLE = YES;
				IPHONEOS_DEPLOYMENT_TARGET = 15.0;
				MTL_ENABLE_DEBUG_INFO = NO;
				MTL_FAST_MATH = YES;
				SDKROOT = iphoneos;
				SWIFT_COMPILATION_MODE = wholemodule;
				SWIFT_OPTIMIZATION_LEVEL = "-O";
				VALIDATE_PRODUCT = YES;
			};
			name = Release;
		};
		23097ED8276F330F00AC8761 /* Debug */ = {
			isa = XCBuildConfiguration;
			buildSettings = {
				ASSETCATALOG_COMPILER_APPICON_NAME = AppIcon;
				ASSETCATALOG_COMPILER_GLOBAL_ACCENT_COLOR_NAME = AccentColor;
				CODE_SIGN_ENTITLEMENTS = UIComponents/UIComponents.entitlements;
				CODE_SIGN_STYLE = Automatic;
				CURRENT_PROJECT_VERSION = 1;
				DEVELOPMENT_TEAM = 9UAK289TV9;
				GENERATE_INFOPLIST_FILE = YES;
				INFOPLIST_FILE = UIComponents/Info.plist;
				INFOPLIST_KEY_NSLocationAlwaysAndWhenInUseUsageDescription = "Konumunuzu haritada gosterebilmek icin konum servislerine izin vermeniz gerekiyor.";
				INFOPLIST_KEY_NSLocationWhenInUseUsageDescription = "Konumunuzu haritada gosterebilmek icin konum servislerine izin vermeniz gerekiyor.";
				INFOPLIST_KEY_UIApplicationSupportsIndirectInputEvents = YES;
				INFOPLIST_KEY_UILaunchStoryboardName = LaunchScreen;
				INFOPLIST_KEY_UIMainStoryboardFile = Main;
				INFOPLIST_KEY_UISupportedInterfaceOrientations_iPad = "UIInterfaceOrientationPortrait UIInterfaceOrientationPortraitUpsideDown UIInterfaceOrientationLandscapeLeft UIInterfaceOrientationLandscapeRight";
				INFOPLIST_KEY_UISupportedInterfaceOrientations_iPhone = "UIInterfaceOrientationPortrait UIInterfaceOrientationLandscapeLeft UIInterfaceOrientationLandscapeRight";
				LD_RUNPATH_SEARCH_PATHS = (
					"$(inherited)",
					"@executable_path/Frameworks",
				);
				MARKETING_VERSION = 1.0;
				PRODUCT_BUNDLE_IDENTIFIER = com.semihemreunlu.uicomponents;
				PRODUCT_NAME = "$(TARGET_NAME)";
				SWIFT_EMIT_LOC_STRINGS = YES;
				SWIFT_VERSION = 5.0;
				TARGETED_DEVICE_FAMILY = "1,2";
			};
			name = Debug;
		};
		23097ED9276F330F00AC8761 /* Release */ = {
			isa = XCBuildConfiguration;
			buildSettings = {
				ASSETCATALOG_COMPILER_APPICON_NAME = AppIcon;
				ASSETCATALOG_COMPILER_GLOBAL_ACCENT_COLOR_NAME = AccentColor;
				CODE_SIGN_ENTITLEMENTS = UIComponents/UIComponents.entitlements;
				CODE_SIGN_STYLE = Automatic;
				CURRENT_PROJECT_VERSION = 1;
				DEVELOPMENT_TEAM = 9UAK289TV9;
				GENERATE_INFOPLIST_FILE = YES;
				INFOPLIST_FILE = UIComponents/Info.plist;
				INFOPLIST_KEY_NSLocationAlwaysAndWhenInUseUsageDescription = "Konumunuzu haritada gosterebilmek icin konum servislerine izin vermeniz gerekiyor.";
				INFOPLIST_KEY_NSLocationWhenInUseUsageDescription = "Konumunuzu haritada gosterebilmek icin konum servislerine izin vermeniz gerekiyor.";
				INFOPLIST_KEY_UIApplicationSupportsIndirectInputEvents = YES;
				INFOPLIST_KEY_UILaunchStoryboardName = LaunchScreen;
				INFOPLIST_KEY_UIMainStoryboardFile = Main;
				INFOPLIST_KEY_UISupportedInterfaceOrientations_iPad = "UIInterfaceOrientationPortrait UIInterfaceOrientationPortraitUpsideDown UIInterfaceOrientationLandscapeLeft UIInterfaceOrientationLandscapeRight";
				INFOPLIST_KEY_UISupportedInterfaceOrientations_iPhone = "UIInterfaceOrientationPortrait UIInterfaceOrientationLandscapeLeft UIInterfaceOrientationLandscapeRight";
				LD_RUNPATH_SEARCH_PATHS = (
					"$(inherited)",
					"@executable_path/Frameworks",
				);
				MARKETING_VERSION = 1.0;
				PRODUCT_BUNDLE_IDENTIFIER = com.semihemreunlu.uicomponents;
				PRODUCT_NAME = "$(TARGET_NAME)";
				SWIFT_EMIT_LOC_STRINGS = YES;
				SWIFT_VERSION = 5.0;
				TARGETED_DEVICE_FAMILY = "1,2";
			};
			name = Release;
		};
/* End XCBuildConfiguration section */

/* Begin XCConfigurationList section */
		23097EBE276F330D00AC8761 /* Build configuration list for PBXProject "UIComponents" */ = {
			isa = XCConfigurationList;
			buildConfigurations = (
				23097ED5276F330F00AC8761 /* Debug */,
				23097ED6276F330F00AC8761 /* Release */,
			);
			defaultConfigurationIsVisible = 0;
			defaultConfigurationName = Release;
		};
		23097ED7276F330F00AC8761 /* Build configuration list for PBXNativeTarget "UIComponents" */ = {
			isa = XCConfigurationList;
			buildConfigurations = (
				23097ED8276F330F00AC8761 /* Debug */,
				23097ED9276F330F00AC8761 /* Release */,
			);
			defaultConfigurationIsVisible = 0;
			defaultConfigurationName = Release;
		};
/* End XCConfigurationList section */
	};
	rootObject = 23097EBB276F330D00AC8761 /* Project object */;
}
